context:
  heading: Architecture curriculum
  subheading: Architecture at the RCA sets out to inspire design innovation.
  copy: Architecture at the RCA sets out to inspire design innovation. The Programme expands the possibilities of architecture and its agency in the world by encouraging a speculative, independent and critical ethos among its students
  meta_heading: Transforming toxic waste into pottery
  meta_copy: Find out how a group of our MA students turned red mud into a range of striking pottery
  href: '#'
