context:
  value:
    heading: Ideas that can change the world
    sub_heading: RCA projects that have the potential to transform our world for the better.
    page_title: Transforming toxic waste into pottery
    page_summary: Find out how a group of our MA students turned red mud into a range of striking pottery.
    page_link: '#'
    video: 'https://www.youtube.com/watch?v=1PWTqCBVjjU'
    video_caption: Watch video
